
Microsoft Visual Studio Solution File, Format Version 12.00
# Visual Studio Version 17
VisualStudioVersion = 17.13.35818.85 d17.13
MinimumVisualStudioVersion = 10.0.40219.1
Project("{FAE04EC0-301F-11D3-BF4B-00C04F79EFBC}") = "CRUDMahasiswaADO", "CRUDMahasiswaADO.csproj", "{08CCB847-73C2-475B-8EA4-846DB6D05935}"
EndProject
Global
	GlobalSection(SolutionConfigurationPlatforms) = preSolution
		Debug|Any CPU = Debug|Any CPU
		Release|Any CPU = Release|Any CPU
	EndGlobalSection
	GlobalSection(ProjectConfigurationPlatforms) = postSolution
		{08CCB847-73C2-475B-8EA4-846DB6D05935}.Debug|Any CPU.ActiveCfg = Debug|Any CPU
		{08CCB847-73C2-475B-8EA4-846DB6D05935}.Debug|Any CPU.Build.0 = Debug|Any CPU
		{08CCB847-73C2-475B-8EA4-846DB6D05935}.Release|Any CPU.ActiveCfg = Release|Any CPU
		{08CCB847-73C2-475B-8EA4-846DB6D05935}.Release|Any CPU.Build.0 = Release|Any CPU
	EndGlobalSection
	GlobalSection(SolutionProperties) = preSolution
		HideSolutionNode = FALSE
	EndGlobalSection
	GlobalSection(ExtensibilityGlobals) = postSolution
		SolutionGuid = {92CF65F7-254D-4796-9E35-C4C8866858B9}
	EndGlobalSection
EndGlobal
